
Microsoft Visual Studio Solution File, Format Version 12.00
# Visual Studio Version 17
VisualStudioVersion = 17.10.35027.167
MinimumVisualStudioVersion = 10.0.40219.1
Project("{FAE04EC0-301F-11D3-BF4B-00C04F79EFBC}") = "Симулятор простого рестарана 4", "Симулятор простого рестарана 4.csproj", "{374A93E5-664E-4F26-B871-D718EE2C3A3E}"
EndProject
Global
	GlobalSection(SolutionConfigurationPlatforms) = preSolution
		Debug|Any CPU = Debug|Any CPU
		Release|Any CPU = Release|Any CPU
	EndGlobalSection
	GlobalSection(ProjectConfigurationPlatforms) = postSolution
		{374A93E5-664E-4F26-B871-D718EE2C3A3E}.Debug|Any CPU.ActiveCfg = Debug|Any CPU
		{374A93E5-664E-4F26-B871-D718EE2C3A3E}.Debug|Any CPU.Build.0 = Debug|Any CPU
		{374A93E5-664E-4F26-B871-D718EE2C3A3E}.Release|Any CPU.ActiveCfg = Release|Any CPU
		{374A93E5-664E-4F26-B871-D718EE2C3A3E}.Release|Any CPU.Build.0 = Release|Any CPU
	EndGlobalSection
	GlobalSection(SolutionProperties) = preSolution
		HideSolutionNode = FALSE
	EndGlobalSection
	GlobalSection(ExtensibilityGlobals) = postSolution
		SolutionGuid = {661D73F8-F912-417A-A8E5-955DF4EFBC77}
	EndGlobalSection
EndGlobal
